
Microsoft Visual Studio Solution File, Format Version 12.00
# Visual Studio Version 17
VisualStudioVersion = 17.4.33110.190
MinimumVisualStudioVersion = 10.0.40219.1
Project("{FAE04EC0-301F-11D3-BF4B-00C04F79EFBC}") = "ProjetinhoEscola", "ProjetinhoEscola.csproj", "{AC3EB87B-9DC8-4E78-9FFE-3469DD32DF19}"
EndProject
Global
	GlobalSection(SolutionConfigurationPlatforms) = preSolution
		Debug|Any CPU = Debug|Any CPU
		Release|Any CPU = Release|Any CPU
	EndGlobalSection
	GlobalSection(ProjectConfigurationPlatforms) = postSolution
		{AC3EB87B-9DC8-4E78-9FFE-3469DD32DF19}.Debug|Any CPU.ActiveCfg = Debug|Any CPU
		{AC3EB87B-9DC8-4E78-9FFE-3469DD32DF19}.Debug|Any CPU.Build.0 = Debug|Any CPU
		{AC3EB87B-9DC8-4E78-9FFE-3469DD32DF19}.Release|Any CPU.ActiveCfg = Release|Any CPU
		{AC3EB87B-9DC8-4E78-9FFE-3469DD32DF19}.Release|Any CPU.Build.0 = Release|Any CPU
	EndGlobalSection
	GlobalSection(SolutionProperties) = preSolution
		HideSolutionNode = FALSE
	EndGlobalSection
	GlobalSection(ExtensibilityGlobals) = postSolution
		SolutionGuid = {62ADB1C0-8983-401D-BD07-39D1EEFE256F}
	EndGlobalSection
EndGlobal
